<?xml version="1.0" encoding="utf-8"?>
<Project ToolsVersion="4.0" xmlns="http://schemas.microsoft.com/developer/msbuild/2003">
  <ItemGroup>
    <Filter Include="Fichiers sources">
      <UniqueIdentifier>{4FC737F1-C7A5-4376-A066-2A32D752A2FF}</UniqueIdentifier>
      <Extensions>cpp;c;cc;cxx;c++;cppm;ixx;def;odl;idl;hpj;bat;asm;asmx</Extensions>
    </Filter>
    <Filter Include="Fichiers d%27en-tête">
      <UniqueIdentifier>{93995380-89BD-4b04-88EB-625FBE52EBFB}</UniqueIdentifier>
      <Extensions>h;hh;hpp;hxx;h++;hm;inl;inc;ipp;xsd</Extensions>
    </Filter>
    <Filter Include="Fichiers de ressources">
      <UniqueIdentifier>{67DA6AB6-F800-4c08-8B7A-83BB121AAD01}</UniqueIdentifier>
      <Extensions>rc;ico;cur;bmp;dlg;rc2;rct;bin;rgs;gif;jpg;jpeg;jpe;resx;tiff;tif;png;wav;mfcribbon-ms</Extensions>
    </Filter>
    <Filter Include="Fichiers sources\lib">
      <UniqueIdentifier>{0770fd3b-8dc6-4c6c-980b-ae860be8827c}</UniqueIdentifier>
    </Filter>
    <Filter Include="Fichiers d%27en-tête\lib">
      <UniqueIdentifier>{81011789-8bd0-4c29-8dd1-bc762e5d8fb0}</UniqueIdentifier>
    </Filter>
    <Filter Include="Fichiers d%27en-tête\ConctactGenerator">
      <UniqueIdentifier>{cdb5f3b7-d0d0-41ad-8ba0-6a7fa8667031}</UniqueIdentifier>
    </Filter>
    <Filter Include="Fichiers d%27en-tête\Engines">
      <UniqueIdentifier>{38fc163f-3e20-4ece-a4c8-559a2777e965}</UniqueIdentifier>
    </Filter>
    <Filter Include="Fichiers d%27en-tête\Misc">
      <UniqueIdentifier>{ba6acc19-94c9-4858-94e8-365efe83bcf9}</UniqueIdentifier>
    </Filter>
    <Filter Include="Fichiers sources\Engines">
      <UniqueIdentifier>{b493e254-56f1-453f-b31b-d47f9d87e645}</UniqueIdentifier>
    </Filter>
    <Filter Include="Fichiers sources\Misc">
      <UniqueIdentifier>{bef13962-dfec-4cfd-a17a-26862954c9d7}</UniqueIdentifier>
    </Filter>
    <Filter Include="Fichiers sources\ParticleLink">
      <UniqueIdentifier>{069c1040-65ff-4a42-96a4-cb270eaf4e84}</UniqueIdentifier>
    </Filter>
    <Filter Include="Fichiers sources\ContactGenerator">
      <UniqueIdentifier>{f4aa3ea2-b8b8-4915-9bd4-0d3ed506d8e0}</UniqueIdentifier>
    </Filter>
    <Filter Include="Fichiers d%27en-tête\ConctactGenerator\ParticleLink">
      <UniqueIdentifier>{32abbb06-3b3d-4604-a6aa-088230114a8d}</UniqueIdentifier>
    </Filter>
    <Filter Include="Fichiers d%27en-tête\Matrices">
      <UniqueIdentifier>{0c209348-e946-4f12-ac9d-250da99e0439}</UniqueIdentifier>
    </Filter>
    <Filter Include="Fichiers sources\Matrices">
      <UniqueIdentifier>{ef50bc96-3ded-40b6-bbdf-711351ac7d1b}</UniqueIdentifier>
    </Filter>
    <Filter Include="Fichiers d%27en-tête\Rigid">
      <UniqueIdentifier>{e3eabf35-b4bb-4e13-9aa5-28c7522598cd}</UniqueIdentifier>
    </Filter>
    <Filter Include="Fichiers sources\Rigid">
      <UniqueIdentifier>{b4fd42e7-c410-4aeb-bcb7-d59eb4cfe86c}</UniqueIdentifier>
    </Filter>
    <Filter Include="Fichiers sources\ParticleForceGenerator">
      <UniqueIdentifier>{cc23785f-1772-409f-b626-19a27eaebc6d}</UniqueIdentifier>
    </Filter>
    <Filter Include="Fichiers d%27en-tête\ParticleForceGenerator">
      <UniqueIdentifier>{c0470fbc-5306-4fe1-a5ee-c5c1cad094ec}</UniqueIdentifier>
    </Filter>
    <Filter Include="Fichiers d%27en-tête\RBForceGenerator">
      <UniqueIdentifier>{8a9ae77d-bb79-4a83-bb9a-e172ac18a7e4}</UniqueIdentifier>
    </Filter>
    <Filter Include="Fichiers sources\RBForceGenerator">
      <UniqueIdentifier>{28883b0e-90a7-4e60-b7f7-9f6a862e318a}</UniqueIdentifier>
    </Filter>
    <Filter Include="Fichiers d%27en-tête\RBPrimitive">
      <UniqueIdentifier>{c2fbe467-a399-4fa9-8bda-35465f4fe662}</UniqueIdentifier>
    </Filter>
    <Filter Include="Fichiers d%27en-tête\RBContactGenerator">
      <UniqueIdentifier>{5c1051da-7d3c-4863-844f-37d6502dfa07}</UniqueIdentifier>
    </Filter>
    <Filter Include="Fichiers sources\RBContactGenerator">
      <UniqueIdentifier>{254b5e93-154f-405a-92b6-f1f07e5b3912}</UniqueIdentifier>
    </Filter>
    <Filter Include="Fichiers sources\RBPrimitive">
      <UniqueIdentifier>{1635502a-e3bc-455a-b43c-62ac8051ab63}</UniqueIdentifier>
    </Filter>
  </ItemGroup>
  <ItemGroup>
    <ClCompile Include="..\main.cpp">
      <Filter>Fichiers sources</Filter>
    </ClCompile>
    <ClCompile Include="Imgui\imgui.cpp">
      <Filter>Fichiers sources\lib</Filter>
    </ClCompile>
    <ClCompile Include="Imgui\imgui_demo.cpp">
      <Filter>Fichiers sources\lib</Filter>
    </ClCompile>
    <ClCompile Include="Imgui\imgui_draw.cpp">
      <Filter>Fichiers sources\lib</Filter>
    </ClCompile>
    <ClCompile Include="Imgui\imgui_impl_glfw.cpp">
      <Filter>Fichiers sources\lib</Filter>
    </ClCompile>
    <ClCompile Include="Imgui\imgui_impl_opengl3.cpp">
      <Filter>Fichiers sources\lib</Filter>
    </ClCompile>
    <ClCompile Include="Imgui\imgui_tables.cpp">
      <Filter>Fichiers sources\lib</Filter>
    </ClCompile>
    <ClCompile Include="Imgui\imgui_widgets.cpp">
      <Filter>Fichiers sources\lib</Filter>
    </ClCompile>
    <ClCompile Include="libs\glad.c">
      <Filter>Fichiers sources\lib</Filter>
    </ClCompile>
    <ClCompile Include="libs\stb_image.cpp">
      <Filter>Fichiers sources\lib</Filter>
    </ClCompile>
    <ClCompile Include="ImGuiEngine.cpp">
      <Filter>Fichiers sources\Engines</Filter>
    </ClCompile>
    <ClCompile Include="GraphicEngine.cpp">
      <Filter>Fichiers sources\Engines</Filter>
    </ClCompile>
    <ClCompile Include="PhysicEngine.cpp">
      <Filter>Fichiers sources\Engines</Filter>
    </ClCompile>
    <ClCompile Include="Particle.cpp">
      <Filter>Fichiers sources\Misc</Filter>
    </ClCompile>
    <ClCompile Include="ParticleContactResolver.cpp">
      <Filter>Fichiers sources\Misc</Filter>
    </ClCompile>
    <ClCompile Include="ParticleForceRegistry.cpp">
      <Filter>Fichiers sources\Misc</Filter>
    </ClCompile>
    <ClCompile Include="Vector3D.cpp">
      <Filter>Fichiers sources\Misc</Filter>
    </ClCompile>
    <ClCompile Include="ParticleContact.cpp">
      <Filter>Fichiers sources\Misc</Filter>
    </ClCompile>
    <ClCompile Include="ParticleCable.cpp">
      <Filter>Fichiers sources\ParticleLink</Filter>
    </ClCompile>
    <ClCompile Include="ParticleLink.cpp">
      <Filter>Fichiers sources\ParticleLink</Filter>
    </ClCompile>
    <ClCompile Include="ParticleRod.cpp">
      <Filter>Fichiers sources\ParticleLink</Filter>
    </ClCompile>
    <ClCompile Include="ParticleGravity.cpp">
      <Filter>Fichiers sources\ParticleForceGenerator</Filter>
    </ClCompile>
    <ClCompile Include="ParticleForceGenerator.cpp">
      <Filter>Fichiers sources\ParticleForceGenerator</Filter>
    </ClCompile>
    <ClCompile Include="ParticleContactGenerator.cpp">
      <Filter>Fichiers sources\ContactGenerator</Filter>
    </ClCompile>
    <ClCompile Include="ParticleDrag.cpp">
      <Filter>Fichiers sources\ParticleForceGenerator</Filter>
    </ClCompile>
    <ClCompile Include="ParticleSpring.cpp">
      <Filter>Fichiers sources\ParticleForceGenerator</Filter>
    </ClCompile>
    <ClCompile Include="ParticleBuoyancy.cpp">
      <Filter>Fichiers sources\ParticleForceGenerator</Filter>
    </ClCompile>
    <ClCompile Include="ParticleAnchoredSpring.cpp">
      <Filter>Fichiers sources\ParticleForceGenerator</Filter>
    </ClCompile>
    <ClCompile Include="ParticleContactNaïve.cpp">
      <Filter>Fichiers sources\ContactGenerator</Filter>
    </ClCompile>
    <ClCompile Include="ParticleContactResting.cpp">
      <Filter>Fichiers sources\ContactGenerator</Filter>
    </ClCompile>
    <ClCompile Include="ParticleContactWall.cpp">
      <Filter>Fichiers sources\ContactGenerator</Filter>
    </ClCompile>
    <ClCompile Include="world.cpp">
      <Filter>Fichiers sources\Misc</Filter>
    </ClCompile>
    <ClCompile Include="ParticleContactRegistry.cpp">
      <Filter>Fichiers sources\Misc</Filter>
    </ClCompile>
    <ClCompile Include="Matrix3.cpp">
      <Filter>Fichiers sources\Matrices</Filter>
    </ClCompile>
    <ClCompile Include="Matrix4.cpp">
      <Filter>Fichiers sources\Matrices</Filter>
    </ClCompile>
    <ClCompile Include="Quaternion.cpp">
      <Filter>Fichiers sources\Matrices</Filter>
    </ClCompile>
    <ClCompile Include="RigidBody.cpp">
      <Filter>Fichiers sources\Rigid</Filter>
    </ClCompile>
    <ClCompile Include="RBGravityForceGenerator.cpp">
      <Filter>Fichiers sources\RBForceGenerator</Filter>
    </ClCompile>
    <ClCompile Include="RBSpringForceGenerator.cpp">
      <Filter>Fichiers sources\RBForceGenerator</Filter>
    </ClCompile>
    <ClCompile Include="RBForceRegistry.cpp">
      <Filter>Fichiers sources\Misc</Filter>
    </ClCompile>
    <ClCompile Include="RBAnchoredSpringForceGenerator.cpp">
      <Filter>Fichiers sources\RBForceGenerator</Filter>
    </ClCompile>
    <ClCompile Include="RBContactGenerator.cpp">
      <Filter>Fichiers sources\RBContactGenerator</Filter>
    </ClCompile>
    <ClCompile Include="PBox.cpp">
      <Filter>Fichiers sources\RBPrimitive</Filter>
    </ClCompile>
    <ClCompile Include="Box.cpp">
      <Filter>Fichiers sources\Rigid</Filter>
    </ClCompile>
    <ClCompile Include="Plane.cpp">
      <Filter>Fichiers sources\Rigid</Filter>
    </ClCompile>
    <ClCompile Include="Sphere.cpp">
      <Filter>Fichiers sources\Rigid</Filter>
    </ClCompile>
    <ClCompile Include="RBContactRegistry.cpp">
      <Filter>Fichiers sources</Filter>
    </ClCompile>
  </ItemGroup>
  <ItemGroup>
    <None Include="packages.config" />
  </ItemGroup>
  <ItemGroup>
    <Image Include="..\resources\textures\awesomeface.png">
      <Filter>Fichiers de ressources</Filter>
    </Image>
    <Image Include="..\resources\textures\container.jpg">
      <Filter>Fichiers de ressources</Filter>
    </Image>
  </ItemGroup>
  <ItemGroup>
    <ClInclude Include="Imgui\imconfig.h">
      <Filter>Fichiers d%27en-tête\lib</Filter>
    </ClInclude>
    <ClInclude Include="Imgui\imgui.h">
      <Filter>Fichiers d%27en-tête\lib</Filter>
    </ClInclude>
    <ClInclude Include="Imgui\imgui_impl_glfw.h">
      <Filter>Fichiers d%27en-tête\lib</Filter>
    </ClInclude>
    <ClInclude Include="Imgui\imgui_impl_opengl3.h">
      <Filter>Fichiers d%27en-tête\lib</Filter>
    </ClInclude>
    <ClInclude Include="Imgui\imgui_impl_opengl3_loader.h">
      <Filter>Fichiers d%27en-tête\lib</Filter>
    </ClInclude>
    <ClInclude Include="Imgui\imgui_internal.h">
      <Filter>Fichiers d%27en-tête\lib</Filter>
    </ClInclude>
    <ClInclude Include="Imgui\imstb_rectpack.h">
      <Filter>Fichiers d%27en-tête\lib</Filter>
    </ClInclude>
    <ClInclude Include="Imgui\imstb_textedit.h">
      <Filter>Fichiers d%27en-tête\lib</Filter>
    </ClInclude>
    <ClInclude Include="Imgui\imstb_truetype.h">
      <Filter>Fichiers d%27en-tête\lib</Filter>
    </ClInclude>
    <ClInclude Include="libs\stb_image.h">
      <Filter>Fichiers d%27en-tête\lib</Filter>
    </ClInclude>
    <ClInclude Include="ParticleContactGenerator.h">
      <Filter>Fichiers d%27en-tête\ConctactGenerator</Filter>
    </ClInclude>
    <ClInclude Include="ParticleCable.h">
      <Filter>Fichiers d%27en-tête\ConctactGenerator\ParticleLink</Filter>
    </ClInclude>
    <ClInclude Include="ParticleLink.h">
      <Filter>Fichiers d%27en-tête\ConctactGenerator\ParticleLink</Filter>
    </ClInclude>
    <ClInclude Include="ParticleRod.h">
      <Filter>Fichiers d%27en-tête\ConctactGenerator\ParticleLink</Filter>
    </ClInclude>
    <ClInclude Include="ParticleForceGenerator.h">
      <Filter>Fichiers d%27en-tête\ParticleForceGenerator</Filter>
    </ClInclude>
    <ClInclude Include="Vector3D.h">
      <Filter>Fichiers d%27en-tête\Misc</Filter>
    </ClInclude>
    <ClInclude Include="ImGuiEngine.h">
      <Filter>Fichiers d%27en-tête\Engines</Filter>
    </ClInclude>
    <ClInclude Include="GraphicEngine.h">
      <Filter>Fichiers d%27en-tête\Engines</Filter>
    </ClInclude>
    <ClInclude Include="PhysicEngine.h">
      <Filter>Fichiers d%27en-tête\Engines</Filter>
    </ClInclude>
    <ClInclude Include="Particle.h">
      <Filter>Fichiers d%27en-tête\Misc</Filter>
    </ClInclude>
    <ClInclude Include="ParticleContact.h">
      <Filter>Fichiers d%27en-tête\Misc</Filter>
    </ClInclude>
    <ClInclude Include="ParticleContactResolver.h">
      <Filter>Fichiers d%27en-tête\Misc</Filter>
    </ClInclude>
    <ClInclude Include="ParticleForceRegistry.h">
      <Filter>Fichiers d%27en-tête\Misc</Filter>
    </ClInclude>
    <ClInclude Include="ParticleContactNaïve.h">
      <Filter>Fichiers d%27en-tête\ConctactGenerator</Filter>
    </ClInclude>
    <ClInclude Include="ParticleContactResting.h">
      <Filter>Fichiers d%27en-tête\ConctactGenerator</Filter>
    </ClInclude>
    <ClInclude Include="ParticleContactWall.h">
      <Filter>Fichiers d%27en-tête\ConctactGenerator</Filter>
    </ClInclude>
    <ClInclude Include="world.h">
      <Filter>Fichiers d%27en-tête\Misc</Filter>
    </ClInclude>
    <ClInclude Include="ParticleGravity.h">
      <Filter>Fichiers d%27en-tête\ParticleForceGenerator</Filter>
    </ClInclude>
    <ClInclude Include="ParticleBuoyancy.h">
      <Filter>Fichiers d%27en-tête\ParticleForceGenerator</Filter>
    </ClInclude>
    <ClInclude Include="ParticleAnchoredSpring.h">
      <Filter>Fichiers d%27en-tête\ParticleForceGenerator</Filter>
    </ClInclude>
    <ClInclude Include="ParticleDrag.h">
      <Filter>Fichiers d%27en-tête\ParticleForceGenerator</Filter>
    </ClInclude>
    <ClInclude Include="ParticleSpring.h">
      <Filter>Fichiers d%27en-tête\ParticleForceGenerator</Filter>
    </ClInclude>
    <ClInclude Include="ParticleContactRegistry.h">
      <Filter>Fichiers d%27en-tête\Misc</Filter>
    </ClInclude>
    <ClInclude Include="Matrix3.h">
      <Filter>Fichiers d%27en-tête\Matrices</Filter>
    </ClInclude>
    <ClInclude Include="Matrix4.h">
      <Filter>Fichiers d%27en-tête\Matrices</Filter>
    </ClInclude>
    <ClInclude Include="Quaternion.h">
      <Filter>Fichiers d%27en-tête\Matrices</Filter>
    </ClInclude>
    <ClInclude Include="RigidBody.h">
      <Filter>Fichiers d%27en-tête\Rigid</Filter>
    </ClInclude>
    <ClInclude Include="RBForceGenerator.h">
      <Filter>Fichiers d%27en-tête\RBForceGenerator</Filter>
    </ClInclude>
    <ClInclude Include="RBForceRegistry.h">
      <Filter>Fichiers d%27en-tête\Misc</Filter>
    </ClInclude>
    <ClInclude Include="RBGravityForceGenerator.h">
      <Filter>Fichiers d%27en-tête\RBForceGenerator</Filter>
    </ClInclude>
    <ClInclude Include="RBSpringForceGenerator.h">
      <Filter>Fichiers d%27en-tête\RBForceGenerator</Filter>
    </ClInclude>
    <ClInclude Include="RBAnchoredSpringForceGenerator.h">
      <Filter>Fichiers d%27en-tête\RBForceGenerator</Filter>
    </ClInclude>
    <ClInclude Include="Primitive.h">
      <Filter>Fichiers d%27en-tête\RBPrimitive</Filter>
    </ClInclude>
    <ClInclude Include="PSphere.h">
      <Filter>Fichiers d%27en-tête\RBPrimitive</Filter>
    </ClInclude>
    <ClInclude Include="PBox.h">
      <Filter>Fichiers d%27en-tête\RBPrimitive</Filter>
    </ClInclude>
    <ClInclude Include="PPlane.h">
      <Filter>Fichiers d%27en-tête\RBPrimitive</Filter>
    </ClInclude>
    <ClInclude Include="RBContactGenerator.h">
      <Filter>Fichiers d%27en-tête\RBContactGenerator</Filter>
    </ClInclude>
    <ClInclude Include="RBContact.h">
      <Filter>Fichiers d%27en-tête\Misc</Filter>
    </ClInclude>
    <ClInclude Include="RBContactRegistry.h">
      <Filter>Fichiers d%27en-tête\Misc</Filter>
    </ClInclude>
    <ClInclude Include="Box.h">
      <Filter>Fichiers d%27en-tête\Rigid</Filter>
    </ClInclude>
    <ClInclude Include="Plane.h">
      <Filter>Fichiers d%27en-tête\Rigid</Filter>
    </ClInclude>
    <ClInclude Include="Sphere.h">
      <Filter>Fichiers d%27en-tête\Rigid</Filter>
    </ClInclude>
  </ItemGroup>
</Project>